
Microsoft Visual Studio Solution File, Format Version 12.00
# Visual Studio Version 16
VisualStudioVersion = 16.0.30621.155
MinimumVisualStudioVersion = 10.0.40219.1
Project("{FAE04EC0-301F-11D3-BF4B-00C04F79EFBC}") = "HR", "HR.csproj", "{5F1D794E-F5BC-4E39-BB9D-D2C56EFBC3DE}"
EndProject
Project("{2150E333-8FDC-42A3-9474-1A3956D46DE8}") = "Solution Items", "Solution Items", "{3A04C93A-401F-454C-BCC1-DB827C664ED8}"
	ProjectSection(SolutionItems) = preProject
		.editorconfig = .editorconfig
	EndProjectSection
EndProject
Global
	GlobalSection(SolutionConfigurationPlatforms) = preSolution
		Debug|Any CPU = Debug|Any CPU
		Release|Any CPU = Release|Any CPU
	EndGlobalSection
	GlobalSection(ProjectConfigurationPlatforms) = postSolution
		{5F1D794E-F5BC-4E39-BB9D-D2C56EFBC3DE}.Debug|Any CPU.ActiveCfg = Debug|Any CPU
		{5F1D794E-F5BC-4E39-BB9D-D2C56EFBC3DE}.Debug|Any CPU.Build.0 = Debug|Any CPU
		{5F1D794E-F5BC-4E39-BB9D-D2C56EFBC3DE}.Release|Any CPU.ActiveCfg = Release|Any CPU
		{5F1D794E-F5BC-4E39-BB9D-D2C56EFBC3DE}.Release|Any CPU.Build.0 = Release|Any CPU
	EndGlobalSection
	GlobalSection(SolutionProperties) = preSolution
		HideSolutionNode = FALSE
	EndGlobalSection
	GlobalSection(ExtensibilityGlobals) = postSolution
		SolutionGuid = {ED8D933A-E802-4E40-9F72-58D41320DD1F}
	EndGlobalSection
EndGlobal
